
Microsoft Visual Studio Solution File, Format Version 12.00
# Visual Studio 14
VisualStudioVersion = 14.0.23107.0
MinimumVisualStudioVersion = 10.0.40219.1
Project("{FAE04EC0-301F-11D3-BF4B-00C04F79EFBC}") = "OCPCommerceProject", "OCPCommerceProject\OCPCommerceProject.csproj", "{2CAE48DB-57E4-4C2D-9004-6EBBF818ABEC}"
EndProject
Project("{FAE04EC0-301F-11D3-BF4B-00C04F79EFBC}") = "OCPCommerceProject.Test", "OCPCommerceProject.Test\OCPCommerceProject.Test.csproj", "{8F7FCB99-4AB2-4B31-9584-3C2A318E75B7}"
EndProject
Global
	GlobalSection(SolutionConfigurationPlatforms) = preSolution
		Debug|Any CPU = Debug|Any CPU
		Release|Any CPU = Release|Any CPU
	EndGlobalSection
	GlobalSection(ProjectConfigurationPlatforms) = postSolution
		{2CAE48DB-57E4-4C2D-9004-6EBBF818ABEC}.Debug|Any CPU.ActiveCfg = Debug|Any CPU
		{2CAE48DB-57E4-4C2D-9004-6EBBF818ABEC}.Debug|Any CPU.Build.0 = Debug|Any CPU
		{2CAE48DB-57E4-4C2D-9004-6EBBF818ABEC}.Release|Any CPU.ActiveCfg = Release|Any CPU
		{2CAE48DB-57E4-4C2D-9004-6EBBF818ABEC}.Release|Any CPU.Build.0 = Release|Any CPU
		{8F7FCB99-4AB2-4B31-9584-3C2A318E75B7}.Debug|Any CPU.ActiveCfg = Debug|Any CPU
		{8F7FCB99-4AB2-4B31-9584-3C2A318E75B7}.Debug|Any CPU.Build.0 = Debug|Any CPU
		{8F7FCB99-4AB2-4B31-9584-3C2A318E75B7}.Release|Any CPU.ActiveCfg = Release|Any CPU
		{8F7FCB99-4AB2-4B31-9584-3C2A318E75B7}.Release|Any CPU.Build.0 = Release|Any CPU
	EndGlobalSection
	GlobalSection(SolutionProperties) = preSolution
		HideSolutionNode = FALSE
	EndGlobalSection
EndGlobal
